
Microsoft Visual Studio Solution File, Format Version 12.00
# Visual Studio 14
VisualStudioVersion = 14.0.25123.0
MinimumVisualStudioVersion = 10.0.40219.1
Project("{FAE04EC0-301F-11D3-BF4B-00C04F79EFBC}") = "Teacher_Aide.Droid", "Teacher Aide\Teacher_Aide.Droid\Teacher_Aide.Droid.csproj", "{6F68EA3A-78C3-487C-ADC5-A9D2B7AD6C4E}"
EndProject
Project("{FAE04EC0-301F-11D3-BF4B-00C04F79EFBC}") = "Teacher_Aide.iOS", "Teacher Aide\Teacher_Aide.iOS\Teacher_Aide.iOS.csproj", "{84D54B0F-36D6-47C4-9F3C-46E5EB0EB4F1}"
EndProject
Project("{FAE04EC0-301F-11D3-BF4B-00C04F79EFBC}") = "Teacher_Aide.WinPhone", "Teacher Aide\Teacher_Aide.WinPhone\Teacher_Aide.WinPhone.csproj", "{4FD732EC-EDEA-4E7A-A676-B30006513BFD}"
EndProject
Project("{FAE04EC0-301F-11D3-BF4B-00C04F79EFBC}") = "Teacher_Aide.UWP", "Teacher Aide\Teacher_Aide.UWP\Teacher_Aide.UWP.csproj", "{A3F7F0F2-D787-4378-B6C0-A717939F6E23}"
EndProject
Project("{FAE04EC0-301F-11D3-BF4B-00C04F79EFBC}") = "Teacher_Aide.Windows", "Teacher Aide\Teacher_Aide.Windows\Teacher_Aide.Windows.csproj", "{B2C2EF58-6D11-47C7-9EF5-F650861D446F}"
EndProject
Project("{D954291E-2A0B-460D-934E-DC6B0785DB48}") = "Teacher_Aide", "Teacher Aide\Teacher_Aide\Teacher_Aide.shproj", "{BA5A099B-1D0C-4B93-99BC-59361870435B}"
EndProject
Global
	GlobalSection(SharedMSBuildProjectFiles) = preSolution
		Teacher Aide\Teacher_Aide\Teacher_Aide.projitems*{ba5a099b-1d0c-4b93-99bc-59361870435b}*SharedItemsImports = 13
	EndGlobalSection
	GlobalSection(SolutionConfigurationPlatforms) = preSolution
		Ad-Hoc|Any CPU = Ad-Hoc|Any CPU
		Ad-Hoc|ARM = Ad-Hoc|ARM
		Ad-Hoc|iPhone = Ad-Hoc|iPhone
		Ad-Hoc|iPhoneSimulator = Ad-Hoc|iPhoneSimulator
		Ad-Hoc|x64 = Ad-Hoc|x64
		Ad-Hoc|x86 = Ad-Hoc|x86
		AppStore|Any CPU = AppStore|Any CPU
		AppStore|ARM = AppStore|ARM
		AppStore|iPhone = AppStore|iPhone
		AppStore|iPhoneSimulator = AppStore|iPhoneSimulator
		AppStore|x64 = AppStore|x64
		AppStore|x86 = AppStore|x86
		Debug|Any CPU = Debug|Any CPU
		Debug|ARM = Debug|ARM
		Debug|iPhone = Debug|iPhone
		Debug|iPhoneSimulator = Debug|iPhoneSimulator
		Debug|x64 = Debug|x64
		Debug|x86 = Debug|x86
		Release|Any CPU = Release|Any CPU
		Release|ARM = Release|ARM
		Release|iPhone = Release|iPhone
		Release|iPhoneSimulator = Release|iPhoneSimulator
		Release|x64 = Release|x64
		Release|x86 = Release|x86
	EndGlobalSection
	GlobalSection(ProjectConfigurationPlatforms) = postSolution
		{6F68EA3A-78C3-487C-ADC5-A9D2B7AD6C4E}.Ad-Hoc|Any CPU.ActiveCfg = Release|Any CPU
		{6F68EA3A-78C3-487C-ADC5-A9D2B7AD6C4E}.Ad-Hoc|Any CPU.Build.0 = Release|Any CPU
		{6F68EA3A-78C3-487C-ADC5-A9D2B7AD6C4E}.Ad-Hoc|Any CPU.Deploy.0 = Release|Any CPU
		{6F68EA3A-78C3-487C-ADC5-A9D2B7AD6C4E}.Ad-Hoc|ARM.ActiveCfg = Release|Any CPU
		{6F68EA3A-78C3-487C-ADC5-A9D2B7AD6C4E}.Ad-Hoc|ARM.Build.0 = Release|Any CPU
		{6F68EA3A-78C3-487C-ADC5-A9D2B7AD6C4E}.Ad-Hoc|ARM.Deploy.0 = Release|Any CPU
		{6F68EA3A-78C3-487C-ADC5-A9D2B7AD6C4E}.Ad-Hoc|iPhone.ActiveCfg = Release|Any CPU
		{6F68EA3A-78C3-487C-ADC5-A9D2B7AD6C4E}.Ad-Hoc|iPhone.Build.0 = Release|Any CPU
		{6F68EA3A-78C3-487C-ADC5-A9D2B7AD6C4E}.Ad-Hoc|iPhone.Deploy.0 = Release|Any CPU
		{6F68EA3A-78C3-487C-ADC5-A9D2B7AD6C4E}.Ad-Hoc|iPhoneSimulator.ActiveCfg = Release|Any CPU
		{6F68EA3A-78C3-487C-ADC5-A9D2B7AD6C4E}.Ad-Hoc|iPhoneSimulator.Build.0 = Release|Any CPU
		{6F68EA3A-78C3-487C-ADC5-A9D2B7AD6C4E}.Ad-Hoc|iPhoneSimulator.Deploy.0 = Release|Any CPU
		{6F68EA3A-78C3-487C-ADC5-A9D2B7AD6C4E}.Ad-Hoc|x64.ActiveCfg = Release|Any CPU
		{6F68EA3A-78C3-487C-ADC5-A9D2B7AD6C4E}.Ad-Hoc|x64.Build.0 = Release|Any CPU
		{6F68EA3A-78C3-487C-ADC5-A9D2B7AD6C4E}.Ad-Hoc|x64.Deploy.0 = Release|Any CPU
		{6F68EA3A-78C3-487C-ADC5-A9D2B7AD6C4E}.Ad-Hoc|x86.ActiveCfg = Release|Any CPU
		{6F68EA3A-78C3-487C-ADC5-A9D2B7AD6C4E}.Ad-Hoc|x86.Build.0 = Release|Any CPU
		{6F68EA3A-78C3-487C-ADC5-A9D2B7AD6C4E}.Ad-Hoc|x86.Deploy.0 = Release|Any CPU
		{6F68EA3A-78C3-487C-ADC5-A9D2B7AD6C4E}.AppStore|Any CPU.ActiveCfg = Release|Any CPU
		{6F68EA3A-78C3-487C-ADC5-A9D2B7AD6C4E}.AppStore|Any CPU.Build.0 = Release|Any CPU
		{6F68EA3A-78C3-487C-ADC5-A9D2B7AD6C4E}.AppStore|Any CPU.Deploy.0 = Release|Any CPU
		{6F68EA3A-78C3-487C-ADC5-A9D2B7AD6C4E}.AppStore|ARM.ActiveCfg = Release|Any CPU
		{6F68EA3A-78C3-487C-ADC5-A9D2B7AD6C4E}.AppStore|ARM.Build.0 = Release|Any CPU
		{6F68EA3A-78C3-487C-ADC5-A9D2B7AD6C4E}.AppStore|ARM.Deploy.0 = Release|Any CPU
		{6F68EA3A-78C3-487C-ADC5-A9D2B7AD6C4E}.AppStore|iPhone.ActiveCfg = Release|Any CPU
		{6F68EA3A-78C3-487C-ADC5-A9D2B7AD6C4E}.AppStore|iPhone.Build.0 = Release|Any CPU
		{6F68EA3A-78C3-487C-ADC5-A9D2B7AD6C4E}.AppStore|iPhone.Deploy.0 = Release|Any CPU
		{6F68EA3A-78C3-487C-ADC5-A9D2B7AD6C4E}.AppStore|iPhoneSimulator.ActiveCfg = Release|Any CPU
		{6F68EA3A-78C3-487C-ADC5-A9D2B7AD6C4E}.AppStore|iPhoneSimulator.Build.0 = Release|Any CPU
		{6F68EA3A-78C3-487C-ADC5-A9D2B7AD6C4E}.AppStore|iPhoneSimulator.Deploy.0 = Release|Any CPU
		{6F68EA3A-78C3-487C-ADC5-A9D2B7AD6C4E}.AppStore|x64.ActiveCfg = Release|Any CPU
		{6F68EA3A-78C3-487C-ADC5-A9D2B7AD6C4E}.AppStore|x64.Build.0 = Release|Any CPU
		{6F68EA3A-78C3-487C-ADC5-A9D2B7AD6C4E}.AppStore|x64.Deploy.0 = Release|Any CPU
		{6F68EA3A-78C3-487C-ADC5-A9D2B7AD6C4E}.AppStore|x86.ActiveCfg = Release|Any CPU
		{6F68EA3A-78C3-487C-ADC5-A9D2B7AD6C4E}.AppStore|x86.Build.0 = Release|Any CPU
		{6F68EA3A-78C3-487C-ADC5-A9D2B7AD6C4E}.AppStore|x86.Deploy.0 = Release|Any CPU
		{6F68EA3A-78C3-487C-ADC5-A9D2B7AD6C4E}.Debug|Any CPU.ActiveCfg = Debug|Any CPU
		{6F68EA3A-78C3-487C-ADC5-A9D2B7AD6C4E}.Debug|Any CPU.Build.0 = Debug|Any CPU
		{6F68EA3A-78C3-487C-ADC5-A9D2B7AD6C4E}.Debug|Any CPU.Deploy.0 = Debug|Any CPU
		{6F68EA3A-78C3-487C-ADC5-A9D2B7AD6C4E}.Debug|ARM.ActiveCfg = Debug|Any CPU
		{6F68EA3A-78C3-487C-ADC5-A9D2B7AD6C4E}.Debug|ARM.Build.0 = Debug|Any CPU
		{6F68EA3A-78C3-487C-ADC5-A9D2B7AD6C4E}.Debug|ARM.Deploy.0 = Debug|Any CPU
		{6F68EA3A-78C3-487C-ADC5-A9D2B7AD6C4E}.Debug|iPhone.ActiveCfg = Debug|Any CPU
		{6F68EA3A-78C3-487C-ADC5-A9D2B7AD6C4E}.Debug|iPhone.Build.0 = Debug|Any CPU
		{6F68EA3A-78C3-487C-ADC5-A9D2B7AD6C4E}.Debug|iPhone.Deploy.0 = Debug|Any CPU
		{6F68EA3A-78C3-487C-ADC5-A9D2B7AD6C4E}.Debug|iPhoneSimulator.ActiveCfg = Debug|Any CPU
		{6F68EA3A-78C3-487C-ADC5-A9D2B7AD6C4E}.Debug|iPhoneSimulator.Build.0 = Debug|Any CPU
		{6F68EA3A-78C3-487C-ADC5-A9D2B7AD6C4E}.Debug|iPhoneSimulator.Deploy.0 = Debug|Any CPU
		{6F68EA3A-78C3-487C-ADC5-A9D2B7AD6C4E}.Debug|x64.ActiveCfg = Debug|Any CPU
		{6F68EA3A-78C3-487C-ADC5-A9D2B7AD6C4E}.Debug|x64.Build.0 = Debug|Any CPU
		{6F68EA3A-78C3-487C-ADC5-A9D2B7AD6C4E}.Debug|x64.Deploy.0 = Debug|Any CPU
		{6F68EA3A-78C3-487C-ADC5-A9D2B7AD6C4E}.Debug|x86.ActiveCfg = Debug|Any CPU
		{6F68EA3A-78C3-487C-ADC5-A9D2B7AD6C4E}.Debug|x86.Build.0 = Debug|Any CPU
		{6F68EA3A-78C3-487C-ADC5-A9D2B7AD6C4E}.Debug|x86.Deploy.0 = Debug|Any CPU
		{6F68EA3A-78C3-487C-ADC5-A9D2B7AD6C4E}.Release|Any CPU.ActiveCfg = Release|Any CPU
		{6F68EA3A-78C3-487C-ADC5-A9D2B7AD6C4E}.Release|Any CPU.Build.0 = Release|Any CPU
		{6F68EA3A-78C3-487C-ADC5-A9D2B7AD6C4E}.Release|Any CPU.Deploy.0 = Release|Any CPU
		{6F68EA3A-78C3-487C-ADC5-A9D2B7AD6C4E}.Release|ARM.ActiveCfg = Release|Any CPU
		{6F68EA3A-78C3-487C-ADC5-A9D2B7AD6C4E}.Release|ARM.Build.0 = Release|Any CPU
		{6F68EA3A-78C3-487C-ADC5-A9D2B7AD6C4E}.Release|ARM.Deploy.0 = Release|Any CPU
		{6F68EA3A-78C3-487C-ADC5-A9D2B7AD6C4E}.Release|iPhone.ActiveCfg = Release|Any CPU
		{6F68EA3A-78C3-487C-ADC5-A9D2B7AD6C4E}.Release|iPhone.Build.0 = Release|Any CPU
		{6F68EA3A-78C3-487C-ADC5-A9D2B7AD6C4E}.Release|iPhone.Deploy.0 = Release|Any CPU
		{6F68EA3A-78C3-487C-ADC5-A9D2B7AD6C4E}.Release|iPhoneSimulator.ActiveCfg = Release|Any CPU
		{6F68EA3A-78C3-487C-ADC5-A9D2B7AD6C4E}.Release|iPhoneSimulator.Build.0 = Release|Any CPU
		{6F68EA3A-78C3-487C-ADC5-A9D2B7AD6C4E}.Release|iPhoneSimulator.Deploy.0 = Release|Any CPU
		{6F68EA3A-78C3-487C-ADC5-A9D2B7AD6C4E}.Release|x64.ActiveCfg = Release|Any CPU
		{6F68EA3A-78C3-487C-ADC5-A9D2B7AD6C4E}.Release|x64.Build.0 = Release|Any CPU
		{6F68EA3A-78C3-487C-ADC5-A9D2B7AD6C4E}.Release|x64.Deploy.0 = Release|Any CPU
		{6F68EA3A-78C3-487C-ADC5-A9D2B7AD6C4E}.Release|x86.ActiveCfg = Release|Any CPU
		{6F68EA3A-78C3-487C-ADC5-A9D2B7AD6C4E}.Release|x86.Build.0 = Release|Any CPU
		{6F68EA3A-78C3-487C-ADC5-A9D2B7AD6C4E}.Release|x86.Deploy.0 = Release|Any CPU
		{84D54B0F-36D6-47C4-9F3C-46E5EB0EB4F1}.Ad-Hoc|Any CPU.ActiveCfg = Ad-Hoc|iPhone
		{84D54B0F-36D6-47C4-9F3C-46E5EB0EB4F1}.Ad-Hoc|ARM.ActiveCfg = Ad-Hoc|iPhone
		{84D54B0F-36D6-47C4-9F3C-46E5EB0EB4F1}.Ad-Hoc|iPhone.ActiveCfg = Ad-Hoc|iPhone
		{84D54B0F-36D6-47C4-9F3C-46E5EB0EB4F1}.Ad-Hoc|iPhone.Build.0 = Ad-Hoc|iPhone
		{84D54B0F-36D6-47C4-9F3C-46E5EB0EB4F1}.Ad-Hoc|iPhoneSimulator.ActiveCfg = Ad-Hoc|iPhoneSimulator
		{84D54B0F-36D6-47C4-9F3C-46E5EB0EB4F1}.Ad-Hoc|iPhoneSimulator.Build.0 = Ad-Hoc|iPhoneSimulator
		{84D54B0F-36D6-47C4-9F3C-46E5EB0EB4F1}.Ad-Hoc|x64.ActiveCfg = Ad-Hoc|iPhone
		{84D54B0F-36D6-47C4-9F3C-46E5EB0EB4F1}.Ad-Hoc|x86.ActiveCfg = Ad-Hoc|iPhone
		{84D54B0F-36D6-47C4-9F3C-46E5EB0EB4F1}.AppStore|Any CPU.ActiveCfg = AppStore|iPhone
		{84D54B0F-36D6-47C4-9F3C-46E5EB0EB4F1}.AppStore|ARM.ActiveCfg = AppStore|iPhone
		{84D54B0F-36D6-47C4-9F3C-46E5EB0EB4F1}.AppStore|iPhone.ActiveCfg = AppStore|iPhone
		{84D54B0F-36D6-47C4-9F3C-46E5EB0EB4F1}.AppStore|iPhone.Build.0 = AppStore|iPhone
		{84D54B0F-36D6-47C4-9F3C-46E5EB0EB4F1}.AppStore|iPhoneSimulator.ActiveCfg = AppStore|iPhoneSimulator
		{84D54B0F-36D6-47C4-9F3C-46E5EB0EB4F1}.AppStore|iPhoneSimulator.Build.0 = AppStore|iPhoneSimulator
		{84D54B0F-36D6-47C4-9F3C-46E5EB0EB4F1}.AppStore|x64.ActiveCfg = AppStore|iPhone
		{84D54B0F-36D6-47C4-9F3C-46E5EB0EB4F1}.AppStore|x86.ActiveCfg = AppStore|iPhone
		{84D54B0F-36D6-47C4-9F3C-46E5EB0EB4F1}.Debug|Any CPU.ActiveCfg = Debug|iPhone
		{84D54B0F-36D6-47C4-9F3C-46E5EB0EB4F1}.Debug|ARM.ActiveCfg = Debug|iPhone
		{84D54B0F-36D6-47C4-9F3C-46E5EB0EB4F1}.Debug|iPhone.ActiveCfg = Debug|iPhone
		{84D54B0F-36D6-47C4-9F3C-46E5EB0EB4F1}.Debug|iPhone.Build.0 = Debug|iPhone
		{84D54B0F-36D6-47C4-9F3C-46E5EB0EB4F1}.Debug|iPhoneSimulator.ActiveCfg = Debug|iPhoneSimulator
		{84D54B0F-36D6-47C4-9F3C-46E5EB0EB4F1}.Debug|iPhoneSimulator.Build.0 = Debug|iPhoneSimulator
		{84D54B0F-36D6-47C4-9F3C-46E5EB0EB4F1}.Debug|x64.ActiveCfg = Debug|iPhone
		{84D54B0F-36D6-47C4-9F3C-46E5EB0EB4F1}.Debug|x86.ActiveCfg = Debug|iPhone
		{84D54B0F-36D6-47C4-9F3C-46E5EB0EB4F1}.Release|Any CPU.ActiveCfg = Release|iPhone
		{84D54B0F-36D6-47C4-9F3C-46E5EB0EB4F1}.Release|ARM.ActiveCfg = Release|iPhone
		{84D54B0F-36D6-47C4-9F3C-46E5EB0EB4F1}.Release|iPhone.ActiveCfg = Release|iPhone
		{84D54B0F-36D6-47C4-9F3C-46E5EB0EB4F1}.Release|iPhone.Build.0 = Release|iPhone
		{84D54B0F-36D6-47C4-9F3C-46E5EB0EB4F1}.Release|iPhoneSimulator.ActiveCfg = Release|iPhoneSimulator
		{84D54B0F-36D6-47C4-9F3C-46E5EB0EB4F1}.Release|iPhoneSimulator.Build.0 = Release|iPhoneSimulator
		{84D54B0F-36D6-47C4-9F3C-46E5EB0EB4F1}.Release|x64.ActiveCfg = Release|iPhone
		{84D54B0F-36D6-47C4-9F3C-46E5EB0EB4F1}.Release|x86.ActiveCfg = Release|iPhone
		{4FD732EC-EDEA-4E7A-A676-B30006513BFD}.Ad-Hoc|Any CPU.ActiveCfg = Release|Any CPU
		{4FD732EC-EDEA-4E7A-A676-B30006513BFD}.Ad-Hoc|Any CPU.Build.0 = Release|Any CPU
		{4FD732EC-EDEA-4E7A-A676-B30006513BFD}.Ad-Hoc|Any CPU.Deploy.0 = Release|Any CPU
		{4FD732EC-EDEA-4E7A-A676-B30006513BFD}.Ad-Hoc|ARM.ActiveCfg = Release|ARM
		{4FD732EC-EDEA-4E7A-A676-B30006513BFD}.Ad-Hoc|ARM.Build.0 = Release|ARM
		{4FD732EC-EDEA-4E7A-A676-B30006513BFD}.Ad-Hoc|ARM.Deploy.0 = Release|ARM
		{4FD732EC-EDEA-4E7A-A676-B30006513BFD}.Ad-Hoc|iPhone.ActiveCfg = Release|Any CPU
		{4FD732EC-EDEA-4E7A-A676-B30006513BFD}.Ad-Hoc|iPhone.Build.0 = Release|Any CPU
		{4FD732EC-EDEA-4E7A-A676-B30006513BFD}.Ad-Hoc|iPhone.Deploy.0 = Release|Any CPU
		{4FD732EC-EDEA-4E7A-A676-B30006513BFD}.Ad-Hoc|iPhoneSimulator.ActiveCfg = Release|Any CPU
		{4FD732EC-EDEA-4E7A-A676-B30006513BFD}.Ad-Hoc|iPhoneSimulator.Build.0 = Release|Any CPU
		{4FD732EC-EDEA-4E7A-A676-B30006513BFD}.Ad-Hoc|iPhoneSimulator.Deploy.0 = Release|Any CPU
		{4FD732EC-EDEA-4E7A-A676-B30006513BFD}.Ad-Hoc|x64.ActiveCfg = Release|Any CPU
		{4FD732EC-EDEA-4E7A-A676-B30006513BFD}.Ad-Hoc|x64.Build.0 = Release|Any CPU
		{4FD732EC-EDEA-4E7A-A676-B30006513BFD}.Ad-Hoc|x64.Deploy.0 = Release|Any CPU
		{4FD732EC-EDEA-4E7A-A676-B30006513BFD}.Ad-Hoc|x86.ActiveCfg = Release|x86
		{4FD732EC-EDEA-4E7A-A676-B30006513BFD}.Ad-Hoc|x86.Build.0 = Release|x86
		{4FD732EC-EDEA-4E7A-A676-B30006513BFD}.Ad-Hoc|x86.Deploy.0 = Release|x86
		{4FD732EC-EDEA-4E7A-A676-B30006513BFD}.AppStore|Any CPU.ActiveCfg = Release|Any CPU
		{4FD732EC-EDEA-4E7A-A676-B30006513BFD}.AppStore|Any CPU.Build.0 = Release|Any CPU
		{4FD732EC-EDEA-4E7A-A676-B30006513BFD}.AppStore|Any CPU.Deploy.0 = Release|Any CPU
		{4FD732EC-EDEA-4E7A-A676-B30006513BFD}.AppStore|ARM.ActiveCfg = Release|ARM
		{4FD732EC-EDEA-4E7A-A676-B30006513BFD}.AppStore|ARM.Build.0 = Release|ARM
		{4FD732EC-EDEA-4E7A-A676-B30006513BFD}.AppStore|ARM.Deploy.0 = Release|ARM
		{4FD732EC-EDEA-4E7A-A676-B30006513BFD}.AppStore|iPhone.ActiveCfg = Release|Any CPU
		{4FD732EC-EDEA-4E7A-A676-B30006513BFD}.AppStore|iPhone.Build.0 = Release|Any CPU
		{4FD732EC-EDEA-4E7A-A676-B30006513BFD}.AppStore|iPhone.Deploy.0 = Release|Any CPU
		{4FD732EC-EDEA-4E7A-A676-B30006513BFD}.AppStore|iPhoneSimulator.ActiveCfg = Release|Any CPU
		{4FD732EC-EDEA-4E7A-A676-B30006513BFD}.AppStore|iPhoneSimulator.Build.0 = Release|Any CPU
		{4FD732EC-EDEA-4E7A-A676-B30006513BFD}.AppStore|iPhoneSimulator.Deploy.0 = Release|Any CPU
		{4FD732EC-EDEA-4E7A-A676-B30006513BFD}.AppStore|x64.ActiveCfg = Release|Any CPU
		{4FD732EC-EDEA-4E7A-A676-B30006513BFD}.AppStore|x64.Build.0 = Release|Any CPU
		{4FD732EC-EDEA-4E7A-A676-B30006513BFD}.AppStore|x64.Deploy.0 = Release|Any CPU
		{4FD732EC-EDEA-4E7A-A676-B30006513BFD}.AppStore|x86.ActiveCfg = Release|x86
		{4FD732EC-EDEA-4E7A-A676-B30006513BFD}.AppStore|x86.Build.0 = Release|x86
		{4FD732EC-EDEA-4E7A-A676-B30006513BFD}.AppStore|x86.Deploy.0 = Release|x86
		{4FD732EC-EDEA-4E7A-A676-B30006513BFD}.Debug|Any CPU.ActiveCfg = Debug|Any CPU
		{4FD732EC-EDEA-4E7A-A676-B30006513BFD}.Debug|Any CPU.Build.0 = Debug|Any CPU
		{4FD732EC-EDEA-4E7A-A676-B30006513BFD}.Debug|Any CPU.Deploy.0 = Debug|Any CPU
		{4FD732EC-EDEA-4E7A-A676-B30006513BFD}.Debug|ARM.ActiveCfg = Debug|ARM
		{4FD732EC-EDEA-4E7A-A676-B30006513BFD}.Debug|ARM.Build.0 = Debug|ARM
		{4FD732EC-EDEA-4E7A-A676-B30006513BFD}.Debug|ARM.Deploy.0 = Debug|ARM
		{4FD732EC-EDEA-4E7A-A676-B30006513BFD}.Debug|iPhone.ActiveCfg = Debug|Any CPU
		{4FD732EC-EDEA-4E7A-A676-B30006513BFD}.Debug|iPhone.Build.0 = Debug|Any CPU
		{4FD732EC-EDEA-4E7A-A676-B30006513BFD}.Debug|iPhone.Deploy.0 = Debug|Any CPU
		{4FD732EC-EDEA-4E7A-A676-B30006513BFD}.Debug|iPhoneSimulator.ActiveCfg = Debug|Any CPU
		{4FD732EC-EDEA-4E7A-A676-B30006513BFD}.Debug|iPhoneSimulator.Build.0 = Debug|Any CPU
		{4FD732EC-EDEA-4E7A-A676-B30006513BFD}.Debug|iPhoneSimulator.Deploy.0 = Debug|Any CPU
		{4FD732EC-EDEA-4E7A-A676-B30006513BFD}.Debug|x64.ActiveCfg = Debug|Any CPU
		{4FD732EC-EDEA-4E7A-A676-B30006513BFD}.Debug|x64.Build.0 = Debug|Any CPU
		{4FD732EC-EDEA-4E7A-A676-B30006513BFD}.Debug|x64.Deploy.0 = Debug|Any CPU
		{4FD732EC-EDEA-4E7A-A676-B30006513BFD}.Debug|x86.ActiveCfg = Debug|x86
		{4FD732EC-EDEA-4E7A-A676-B30006513BFD}.Debug|x86.Build.0 = Debug|x86
		{4FD732EC-EDEA-4E7A-A676-B30006513BFD}.Debug|x86.Deploy.0 = Debug|x86
		{4FD732EC-EDEA-4E7A-A676-B30006513BFD}.Release|Any CPU.ActiveCfg = Release|Any CPU
		{4FD732EC-EDEA-4E7A-A676-B30006513BFD}.Release|Any CPU.Build.0 = Release|Any CPU
		{4FD732EC-EDEA-4E7A-A676-B30006513BFD}.Release|Any CPU.Deploy.0 = Release|Any CPU
		{4FD732EC-EDEA-4E7A-A676-B30006513BFD}.Release|ARM.ActiveCfg = Release|ARM
		{4FD732EC-EDEA-4E7A-A676-B30006513BFD}.Release|ARM.Build.0 = Release|ARM
		{4FD732EC-EDEA-4E7A-A676-B30006513BFD}.Release|ARM.Deploy.0 = Release|ARM
		{4FD732EC-EDEA-4E7A-A676-B30006513BFD}.Release|iPhone.ActiveCfg = Release|Any CPU
		{4FD732EC-EDEA-4E7A-A676-B30006513BFD}.Release|iPhone.Build.0 = Release|Any CPU
		{4FD732EC-EDEA-4E7A-A676-B30006513BFD}.Release|iPhone.Deploy.0 = Release|Any CPU
		{4FD732EC-EDEA-4E7A-A676-B30006513BFD}.Release|iPhoneSimulator.ActiveCfg = Release|Any CPU
		{4FD732EC-EDEA-4E7A-A676-B30006513BFD}.Release|iPhoneSimulator.Build.0 = Release|Any CPU
		{4FD732EC-EDEA-4E7A-A676-B30006513BFD}.Release|iPhoneSimulator.Deploy.0 = Release|Any CPU
		{4FD732EC-EDEA-4E7A-A676-B30006513BFD}.Release|x64.ActiveCfg = Release|Any CPU
		{4FD732EC-EDEA-4E7A-A676-B30006513BFD}.Release|x64.Build.0 = Release|Any CPU
		{4FD732EC-EDEA-4E7A-A676-B30006513BFD}.Release|x64.Deploy.0 = Release|Any CPU
		{4FD732EC-EDEA-4E7A-A676-B30006513BFD}.Release|x86.ActiveCfg = Release|x86
		{4FD732EC-EDEA-4E7A-A676-B30006513BFD}.Release|x86.Build.0 = Release|x86
		{4FD732EC-EDEA-4E7A-A676-B30006513BFD}.Release|x86.Deploy.0 = Release|x86
		{A3F7F0F2-D787-4378-B6C0-A717939F6E23}.Ad-Hoc|Any CPU.ActiveCfg = Release|x86
		{A3F7F0F2-D787-4378-B6C0-A717939F6E23}.Ad-Hoc|Any CPU.Build.0 = Release|x86
		{A3F7F0F2-D787-4378-B6C0-A717939F6E23}.Ad-Hoc|Any CPU.Deploy.0 = Release|x86
		{A3F7F0F2-D787-4378-B6C0-A717939F6E23}.Ad-Hoc|ARM.ActiveCfg = Release|ARM
		{A3F7F0F2-D787-4378-B6C0-A717939F6E23}.Ad-Hoc|ARM.Build.0 = Release|ARM
		{A3F7F0F2-D787-4378-B6C0-A717939F6E23}.Ad-Hoc|ARM.Deploy.0 = Release|ARM
		{A3F7F0F2-D787-4378-B6C0-A717939F6E23}.Ad-Hoc|iPhone.ActiveCfg = Release|x86
		{A3F7F0F2-D787-4378-B6C0-A717939F6E23}.Ad-Hoc|iPhone.Build.0 = Release|x86
		{A3F7F0F2-D787-4378-B6C0-A717939F6E23}.Ad-Hoc|iPhone.Deploy.0 = Release|x86
		{A3F7F0F2-D787-4378-B6C0-A717939F6E23}.Ad-Hoc|iPhoneSimulator.ActiveCfg = Release|x86
		{A3F7F0F2-D787-4378-B6C0-A717939F6E23}.Ad-Hoc|iPhoneSimulator.Build.0 = Release|x86
		{A3F7F0F2-D787-4378-B6C0-A717939F6E23}.Ad-Hoc|iPhoneSimulator.Deploy.0 = Release|x86
		{A3F7F0F2-D787-4378-B6C0-A717939F6E23}.Ad-Hoc|x64.ActiveCfg = Release|x64
		{A3F7F0F2-D787-4378-B6C0-A717939F6E23}.Ad-Hoc|x64.Build.0 = Release|x64
		{A3F7F0F2-D787-4378-B6C0-A717939F6E23}.Ad-Hoc|x64.Deploy.0 = Release|x64
		{A3F7F0F2-D787-4378-B6C0-A717939F6E23}.Ad-Hoc|x86.ActiveCfg = Release|x86
		{A3F7F0F2-D787-4378-B6C0-A717939F6E23}.Ad-Hoc|x86.Build.0 = Release|x86
		{A3F7F0F2-D787-4378-B6C0-A717939F6E23}.Ad-Hoc|x86.Deploy.0 = Release|x86
		{A3F7F0F2-D787-4378-B6C0-A717939F6E23}.AppStore|Any CPU.ActiveCfg = Release|x86
		{A3F7F0F2-D787-4378-B6C0-A717939F6E23}.AppStore|Any CPU.Build.0 = Release|x86
		{A3F7F0F2-D787-4378-B6C0-A717939F6E23}.AppStore|Any CPU.Deploy.0 = Release|x86
		{A3F7F0F2-D787-4378-B6C0-A717939F6E23}.AppStore|ARM.ActiveCfg = Release|ARM
		{A3F7F0F2-D787-4378-B6C0-A717939F6E23}.AppStore|ARM.Build.0 = Release|ARM
		{A3F7F0F2-D787-4378-B6C0-A717939F6E23}.AppStore|ARM.Deploy.0 = Release|ARM
		{A3F7F0F2-D787-4378-B6C0-A717939F6E23}.AppStore|iPhone.ActiveCfg = Release|x86
		{A3F7F0F2-D787-4378-B6C0-A717939F6E23}.AppStore|iPhone.Build.0 = Release|x86
		{A3F7F0F2-D787-4378-B6C0-A717939F6E23}.AppStore|iPhone.Deploy.0 = Release|x86
		{A3F7F0F2-D787-4378-B6C0-A717939F6E23}.AppStore|iPhoneSimulator.ActiveCfg = Release|x86
		{A3F7F0F2-D787-4378-B6C0-A717939F6E23}.AppStore|iPhoneSimulator.Build.0 = Release|x86
		{A3F7F0F2-D787-4378-B6C0-A717939F6E23}.AppStore|iPhoneSimulator.Deploy.0 = Release|x86
		{A3F7F0F2-D787-4378-B6C0-A717939F6E23}.AppStore|x64.ActiveCfg = Release|x64
		{A3F7F0F2-D787-4378-B6C0-A717939F6E23}.AppStore|x64.Build.0 = Release|x64
		{A3F7F0F2-D787-4378-B6C0-A717939F6E23}.AppStore|x64.Deploy.0 = Release|x64
		{A3F7F0F2-D787-4378-B6C0-A717939F6E23}.AppStore|x86.ActiveCfg = Release|x86
		{A3F7F0F2-D787-4378-B6C0-A717939F6E23}.AppStore|x86.Build.0 = Release|x86
		{A3F7F0F2-D787-4378-B6C0-A717939F6E23}.AppStore|x86.Deploy.0 = Release|x86
		{A3F7F0F2-D787-4378-B6C0-A717939F6E23}.Debug|Any CPU.ActiveCfg = Debug|x86
		{A3F7F0F2-D787-4378-B6C0-A717939F6E23}.Debug|ARM.ActiveCfg = Debug|ARM
		{A3F7F0F2-D787-4378-B6C0-A717939F6E23}.Debug|ARM.Build.0 = Debug|ARM
		{A3F7F0F2-D787-4378-B6C0-A717939F6E23}.Debug|ARM.Deploy.0 = Debug|ARM
		{A3F7F0F2-D787-4378-B6C0-A717939F6E23}.Debug|iPhone.ActiveCfg = Debug|x86
		{A3F7F0F2-D787-4378-B6C0-A717939F6E23}.Debug|iPhoneSimulator.ActiveCfg = Debug|x86
		{A3F7F0F2-D787-4378-B6C0-A717939F6E23}.Debug|x64.ActiveCfg = Debug|x64
		{A3F7F0F2-D787-4378-B6C0-A717939F6E23}.Debug|x64.Build.0 = Debug|x64
		{A3F7F0F2-D787-4378-B6C0-A717939F6E23}.Debug|x64.Deploy.0 = Debug|x64
		{A3F7F0F2-D787-4378-B6C0-A717939F6E23}.Debug|x86.ActiveCfg = Debug|x86
		{A3F7F0F2-D787-4378-B6C0-A717939F6E23}.Debug|x86.Build.0 = Debug|x86
		{A3F7F0F2-D787-4378-B6C0-A717939F6E23}.Debug|x86.Deploy.0 = Debug|x86
		{A3F7F0F2-D787-4378-B6C0-A717939F6E23}.Release|Any CPU.ActiveCfg = Release|x86
		{A3F7F0F2-D787-4378-B6C0-A717939F6E23}.Release|ARM.ActiveCfg = Release|ARM
		{A3F7F0F2-D787-4378-B6C0-A717939F6E23}.Release|ARM.Build.0 = Release|ARM
		{A3F7F0F2-D787-4378-B6C0-A717939F6E23}.Release|ARM.Deploy.0 = Release|ARM
		{A3F7F0F2-D787-4378-B6C0-A717939F6E23}.Release|iPhone.ActiveCfg = Release|x86
		{A3F7F0F2-D787-4378-B6C0-A717939F6E23}.Release|iPhoneSimulator.ActiveCfg = Release|x86
		{A3F7F0F2-D787-4378-B6C0-A717939F6E23}.Release|x64.ActiveCfg = Release|x64
		{A3F7F0F2-D787-4378-B6C0-A717939F6E23}.Release|x64.Build.0 = Release|x64
		{A3F7F0F2-D787-4378-B6C0-A717939F6E23}.Release|x64.Deploy.0 = Release|x64
		{A3F7F0F2-D787-4378-B6C0-A717939F6E23}.Release|x86.ActiveCfg = Release|x86
		{A3F7F0F2-D787-4378-B6C0-A717939F6E23}.Release|x86.Build.0 = Release|x86
		{A3F7F0F2-D787-4378-B6C0-A717939F6E23}.Release|x86.Deploy.0 = Release|x86
		{B2C2EF58-6D11-47C7-9EF5-F650861D446F}.Ad-Hoc|Any CPU.ActiveCfg = Release|Any CPU
		{B2C2EF58-6D11-47C7-9EF5-F650861D446F}.Ad-Hoc|Any CPU.Build.0 = Release|Any CPU
		{B2C2EF58-6D11-47C7-9EF5-F650861D446F}.Ad-Hoc|Any CPU.Deploy.0 = Release|Any CPU
		{B2C2EF58-6D11-47C7-9EF5-F650861D446F}.Ad-Hoc|ARM.ActiveCfg = Release|ARM
		{B2C2EF58-6D11-47C7-9EF5-F650861D446F}.Ad-Hoc|ARM.Build.0 = Release|ARM
		{B2C2EF58-6D11-47C7-9EF5-F650861D446F}.Ad-Hoc|ARM.Deploy.0 = Release|ARM
		{B2C2EF58-6D11-47C7-9EF5-F650861D446F}.Ad-Hoc|iPhone.ActiveCfg = Release|Any CPU
		{B2C2EF58-6D11-47C7-9EF5-F650861D446F}.Ad-Hoc|iPhone.Build.0 = Release|Any CPU
		{B2C2EF58-6D11-47C7-9EF5-F650861D446F}.Ad-Hoc|iPhone.Deploy.0 = Release|Any CPU
		{B2C2EF58-6D11-47C7-9EF5-F650861D446F}.Ad-Hoc|iPhoneSimulator.ActiveCfg = Release|Any CPU
		{B2C2EF58-6D11-47C7-9EF5-F650861D446F}.Ad-Hoc|iPhoneSimulator.Build.0 = Release|Any CPU
		{B2C2EF58-6D11-47C7-9EF5-F650861D446F}.Ad-Hoc|iPhoneSimulator.Deploy.0 = Release|Any CPU
		{B2C2EF58-6D11-47C7-9EF5-F650861D446F}.Ad-Hoc|x64.ActiveCfg = Release|x64
		{B2C2EF58-6D11-47C7-9EF5-F650861D446F}.Ad-Hoc|x64.Build.0 = Release|x64
		{B2C2EF58-6D11-47C7-9EF5-F650861D446F}.Ad-Hoc|x64.Deploy.0 = Release|x64
		{B2C2EF58-6D11-47C7-9EF5-F650861D446F}.Ad-Hoc|x86.ActiveCfg = Release|x86
		{B2C2EF58-6D11-47C7-9EF5-F650861D446F}.Ad-Hoc|x86.Build.0 = Release|x86
		{B2C2EF58-6D11-47C7-9EF5-F650861D446F}.Ad-Hoc|x86.Deploy.0 = Release|x86
		{B2C2EF58-6D11-47C7-9EF5-F650861D446F}.AppStore|Any CPU.ActiveCfg = Release|Any CPU
		{B2C2EF58-6D11-47C7-9EF5-F650861D446F}.AppStore|Any CPU.Build.0 = Release|Any CPU
		{B2C2EF58-6D11-47C7-9EF5-F650861D446F}.AppStore|Any CPU.Deploy.0 = Release|Any CPU
		{B2C2EF58-6D11-47C7-9EF5-F650861D446F}.AppStore|ARM.ActiveCfg = Release|ARM
		{B2C2EF58-6D11-47C7-9EF5-F650861D446F}.AppStore|ARM.Build.0 = Release|ARM
		{B2C2EF58-6D11-47C7-9EF5-F650861D446F}.AppStore|ARM.Deploy.0 = Release|ARM
		{B2C2EF58-6D11-47C7-9EF5-F650861D446F}.AppStore|iPhone.ActiveCfg = Release|Any CPU
		{B2C2EF58-6D11-47C7-9EF5-F650861D446F}.AppStore|iPhone.Build.0 = Release|Any CPU
		{B2C2EF58-6D11-47C7-9EF5-F650861D446F}.AppStore|iPhone.Deploy.0 = Release|Any CPU
		{B2C2EF58-6D11-47C7-9EF5-F650861D446F}.AppStore|iPhoneSimulator.ActiveCfg = Release|Any CPU
		{B2C2EF58-6D11-47C7-9EF5-F650861D446F}.AppStore|iPhoneSimulator.Build.0 = Release|Any CPU
		{B2C2EF58-6D11-47C7-9EF5-F650861D446F}.AppStore|iPhoneSimulator.Deploy.0 = Release|Any CPU
		{B2C2EF58-6D11-47C7-9EF5-F650861D446F}.AppStore|x64.ActiveCfg = Release|x64
		{B2C2EF58-6D11-47C7-9EF5-F650861D446F}.AppStore|x64.Build.0 = Release|x64
		{B2C2EF58-6D11-47C7-9EF5-F650861D446F}.AppStore|x64.Deploy.0 = Release|x64
		{B2C2EF58-6D11-47C7-9EF5-F650861D446F}.AppStore|x86.ActiveCfg = Release|x86
		{B2C2EF58-6D11-47C7-9EF5-F650861D446F}.AppStore|x86.Build.0 = Release|x86
		{B2C2EF58-6D11-47C7-9EF5-F650861D446F}.AppStore|x86.Deploy.0 = Release|x86
		{B2C2EF58-6D11-47C7-9EF5-F650861D446F}.Debug|Any CPU.ActiveCfg = Debug|Any CPU
		{B2C2EF58-6D11-47C7-9EF5-F650861D446F}.Debug|Any CPU.Build.0 = Debug|Any CPU
		{B2C2EF58-6D11-47C7-9EF5-F650861D446F}.Debug|Any CPU.Deploy.0 = Debug|Any CPU
		{B2C2EF58-6D11-47C7-9EF5-F650861D446F}.Debug|ARM.ActiveCfg = Debug|ARM
		{B2C2EF58-6D11-47C7-9EF5-F650861D446F}.Debug|ARM.Build.0 = Debug|ARM
		{B2C2EF58-6D11-47C7-9EF5-F650861D446F}.Debug|ARM.Deploy.0 = Debug|ARM
		{B2C2EF58-6D11-47C7-9EF5-F650861D446F}.Debug|iPhone.ActiveCfg = Debug|Any CPU
		{B2C2EF58-6D11-47C7-9EF5-F650861D446F}.Debug|iPhone.Build.0 = Debug|Any CPU
		{B2C2EF58-6D11-47C7-9EF5-F650861D446F}.Debug|iPhone.Deploy.0 = Debug|Any CPU
		{B2C2EF58-6D11-47C7-9EF5-F650861D446F}.Debug|iPhoneSimulator.ActiveCfg = Debug|Any CPU
		{B2C2EF58-6D11-47C7-9EF5-F650861D446F}.Debug|iPhoneSimulator.Build.0 = Debug|Any CPU
		{B2C2EF58-6D11-47C7-9EF5-F650861D446F}.Debug|iPhoneSimulator.Deploy.0 = Debug|Any CPU
		{B2C2EF58-6D11-47C7-9EF5-F650861D446F}.Debug|x64.ActiveCfg = Debug|x64
		{B2C2EF58-6D11-47C7-9EF5-F650861D446F}.Debug|x64.Build.0 = Debug|x64
		{B2C2EF58-6D11-47C7-9EF5-F650861D446F}.Debug|x64.Deploy.0 = Debug|x64
		{B2C2EF58-6D11-47C7-9EF5-F650861D446F}.Debug|x86.ActiveCfg = Debug|x86
		{B2C2EF58-6D11-47C7-9EF5-F650861D446F}.Debug|x86.Build.0 = Debug|x86
		{B2C2EF58-6D11-47C7-9EF5-F650861D446F}.Debug|x86.Deploy.0 = Debug|x86
		{B2C2EF58-6D11-47C7-9EF5-F650861D446F}.Release|Any CPU.ActiveCfg = Release|Any CPU
		{B2C2EF58-6D11-47C7-9EF5-F650861D446F}.Release|Any CPU.Build.0 = Release|Any CPU
		{B2C2EF58-6D11-47C7-9EF5-F650861D446F}.Release|Any CPU.Deploy.0 = Release|Any CPU
		{B2C2EF58-6D11-47C7-9EF5-F650861D446F}.Release|ARM.ActiveCfg = Release|ARM
		{B2C2EF58-6D11-47C7-9EF5-F650861D446F}.Release|ARM.Build.0 = Release|ARM
		{B2C2EF58-6D11-47C7-9EF5-F650861D446F}.Release|ARM.Deploy.0 = Release|ARM
		{B2C2EF58-6D11-47C7-9EF5-F650861D446F}.Release|iPhone.ActiveCfg = Release|Any CPU
		{B2C2EF58-6D11-47C7-9EF5-F650861D446F}.Release|iPhone.Build.0 = Release|Any CPU
		{B2C2EF58-6D11-47C7-9EF5-F650861D446F}.Release|iPhone.Deploy.0 = Release|Any CPU
		{B2C2EF58-6D11-47C7-9EF5-F650861D446F}.Release|iPhoneSimulator.ActiveCfg = Release|Any CPU
		{B2C2EF58-6D11-47C7-9EF5-F650861D446F}.Release|iPhoneSimulator.Build.0 = Release|Any CPU
		{B2C2EF58-6D11-47C7-9EF5-F650861D446F}.Release|iPhoneSimulator.Deploy.0 = Release|Any CPU
		{B2C2EF58-6D11-47C7-9EF5-F650861D446F}.Release|x64.ActiveCfg = Release|x64
		{B2C2EF58-6D11-47C7-9EF5-F650861D446F}.Release|x64.Build.0 = Release|x64
		{B2C2EF58-6D11-47C7-9EF5-F650861D446F}.Release|x64.Deploy.0 = Release|x64
		{B2C2EF58-6D11-47C7-9EF5-F650861D446F}.Release|x86.ActiveCfg = Release|x86
		{B2C2EF58-6D11-47C7-9EF5-F650861D446F}.Release|x86.Build.0 = Release|x86
		{B2C2EF58-6D11-47C7-9EF5-F650861D446F}.Release|x86.Deploy.0 = Release|x86
	EndGlobalSection
	GlobalSection(SolutionProperties) = preSolution
		HideSolutionNode = FALSE
	EndGlobalSection
EndGlobal
